// !$*UTF8*$!
{
	archiveVersion = 1;
	classes = {
	};
	objectVersion = 50;
	objects = {

/* Begin PBXBuildFile section */
		0CBD55F07811F6634B1EDDC4 /* Pods_PracticeYoga_PracticeYogaUITests.framework in Frameworks */ = {isa = PBXBuildFile; fileRef = 0FF8B0E3BC387B3959A40923 /* Pods_PracticeYoga_PracticeYogaUITests.framework */; };
		0FD770562561248900F4F53A /* AppDelegate.swift in Sources */ = {isa = PBXBuildFile; fileRef = 0FD770552561248900F4F53A /* AppDelegate.swift */; };
		0FD770582561248900F4F53A /* SceneDelegate.swift in Sources */ = {isa = PBXBuildFile; fileRef = 0FD770572561248900F4F53A /* SceneDelegate.swift */; };
		0FD7705A2561248900F4F53A /* ViewController.swift in Sources */ = {isa = PBXBuildFile; fileRef = 0FD770592561248900F4F53A /* ViewController.swift */; };
		0FD7705D2561248900F4F53A /* Main.storyboard in Resources */ = {isa = PBXBuildFile; fileRef = 0FD7705B2561248900F4F53A /* Main.storyboard */; };
		0FD7705F2561248A00F4F53A /* Assets.xcassets in Resources */ = {isa = PBXBuildFile; fileRef = 0FD7705E2561248A00F4F53A /* Assets.xcassets */; };
		0FD770622561248A00F4F53A /* LaunchScreen.storyboard in Resources */ = {isa = PBXBuildFile; fileRef = 0FD770602561248A00F4F53A /* LaunchScreen.storyboard */; };
		0FD7706D2561248B00F4F53A /* PracticeYogaTests.swift in Sources */ = {isa = PBXBuildFile; fileRef = 0FD7706C2561248B00F4F53A /* PracticeYogaTests.swift */; };
		0FD770782561248B00F4F53A /* PracticeYogaUITests.swift in Sources */ = {isa = PBXBuildFile; fileRef = 0FD770772561248B00F4F53A /* PracticeYogaUITests.swift */; };
		78479EA863B81B3FC2B3652A /* Pods_PracticeYogaTests.framework in Frameworks */ = {isa = PBXBuildFile; fileRef = E3084CFB13D7009B8F367C18 /* Pods_PracticeYogaTests.framework */; };
		86F5342F9551C51840F4603C /* Pods_PracticeYoga.framework in Frameworks */ = {isa = PBXBuildFile; fileRef = B397C3908AC4D9ABFF197396 /* Pods_PracticeYoga.framework */; };
/* End PBXBuildFile section */

/* Begin PBXContainerItemProxy section */
		0FD770692561248B00F4F53A /* PBXContainerItemProxy */ = {
			isa = PBXContainerItemProxy;
			containerPortal = 0FD7704A2561248900F4F53A /* Project object */;
			proxyType = 1;
			remoteGlobalIDString = 0FD770512561248900F4F53A;
			remoteInfo = PracticeYoga;
		};
		0FD770742561248B00F4F53A /* PBXContainerItemProxy */ = {
			isa = PBXContainerItemProxy;
			containerPortal = 0FD7704A2561248900F4F53A /* Project object */;
			proxyType = 1;
			remoteGlobalIDString = 0FD770512561248900F4F53A;
			remoteInfo = PracticeYoga;
		};
/* End PBXContainerItemProxy section */

/* Begin PBXFileReference section */
		0FD770522561248900F4F53A /* PracticeYoga.app */ = {isa = PBXFileReference; explicitFileType = wrapper.application; includeInIndex = 0; path = PracticeYoga.app; sourceTree = BUILT_PRODUCTS_DIR; };
		0FD770552561248900F4F53A /* AppDelegate.swift */ = {isa = PBXFileReference; lastKnownFileType = sourcecode.swift; path = AppDelegate.swift; sourceTree = "<group>"; };
		0FD770572561248900F4F53A /* SceneDelegate.swift */ = {isa = PBXFileReference; lastKnownFileType = sourcecode.swift; path = SceneDelegate.swift; sourceTree = "<group>"; };
		0FD770592561248900F4F53A /* ViewController.swift */ = {isa = PBXFileReference; lastKnownFileType = sourcecode.swift; path = ViewController.swift; sourceTree = "<group>"; };
		0FD7705C2561248900F4F53A /* Base */ = {isa = PBXFileReference; lastKnownFileType = file.storyboard; name = Base; path = Base.lproj/Main.storyboard; sourceTree = "<group>"; };
		0FD7705E2561248A00F4F53A /* Assets.xcassets */ = {isa = PBXFileReference; lastKnownFileType = folder.assetcatalog; path = Assets.xcassets; sourceTree = "<group>"; };
		0FD770612561248A00F4F53A /* Base */ = {isa = PBXFileReference; lastKnownFileType = file.storyboard; name = Base; path = Base.lproj/LaunchScreen.storyboard; sourceTree = "<group>"; };
		0FD770632561248A00F4F53A /* Info.plist */ = {isa = PBXFileReference; lastKnownFileType = text.plist.xml; path = Info.plist; sourceTree = "<group>"; };
		0FD770682561248B00F4F53A /* PracticeYogaTests.xctest */ = {isa = PBXFileReference; explicitFileType = wrapper.cfbundle; includeInIndex = 0; path = PracticeYogaTests.xctest; sourceTree = BUILT_PRODUCTS_DIR; };
		0FD7706C2561248B00F4F53A /* PracticeYogaTests.swift */ = {isa = PBXFileReference; lastKnownFileType = sourcecode.swift; path = PracticeYogaTests.swift; sourceTree = "<group>"; };
		0FD7706E2561248B00F4F53A /* Info.plist */ = {isa = PBXFileReference; lastKnownFileType = text.plist.xml; path = Info.plist; sourceTree = "<group>"; };
		0FD770732561248B00F4F53A /* PracticeYogaUITests.xctest */ = {isa = PBXFileReference; explicitFileType = wrapper.cfbundle; includeInIndex = 0; path = PracticeYogaUITests.xctest; sourceTree = BUILT_PRODUCTS_DIR; };
		0FD770772561248B00F4F53A /* PracticeYogaUITests.swift */ = {isa = PBXFileReference; lastKnownFileType = sourcecode.swift; path = PracticeYogaUITests.swift; sourceTree = "<group>"; };
		0FD770792561248B00F4F53A /* Info.plist */ = {isa = PBXFileReference; lastKnownFileType = text.plist.xml; path = Info.plist; sourceTree = "<group>"; };
		0FF8B0E3BC387B3959A40923 /* Pods_PracticeYoga_PracticeYogaUITests.framework */ = {isa = PBXFileReference; explicitFileType = wrapper.framework; includeInIndex = 0; path = Pods_PracticeYoga_PracticeYogaUITests.framework; sourceTree = BUILT_PRODUCTS_DIR; };
		23A951D1674853C128A846C5 /* Pods-PracticeYoga.release.xcconfig */ = {isa = PBXFileReference; includeInIndex = 1; lastKnownFileType = text.xcconfig; name = "Pods-PracticeYoga.release.xcconfig"; path = "Target Support Files/Pods-PracticeYoga/Pods-PracticeYoga.release.xcconfig"; sourceTree = "<group>"; };
		258164F0225CD314C1C7C1B6 /* Pods-PracticeYogaTests.release.xcconfig */ = {isa = PBXFileReference; includeInIndex = 1; lastKnownFileType = text.xcconfig; name = "Pods-PracticeYogaTests.release.xcconfig"; path = "Target Support Files/Pods-PracticeYogaTests/Pods-PracticeYogaTests.release.xcconfig"; sourceTree = "<group>"; };
		3D93F1573CD410D0AA0CF280 /* Pods-PracticeYoga.debug.xcconfig */ = {isa = PBXFileReference; includeInIndex = 1; lastKnownFileType = text.xcconfig; name = "Pods-PracticeYoga.debug.xcconfig"; path = "Target Support Files/Pods-PracticeYoga/Pods-PracticeYoga.debug.xcconfig"; sourceTree = "<group>"; };
		5ACC9179E1A1B2CBF5FDD5A2 /* Pods-PracticeYoga-PracticeYogaUITests.release.xcconfig */ = {isa = PBXFileReference; includeInIndex = 1; lastKnownFileType = text.xcconfig; name = "Pods-PracticeYoga-PracticeYogaUITests.release.xcconfig"; path = "Target Support Files/Pods-PracticeYoga-PracticeYogaUITests/Pods-PracticeYoga-PracticeYogaUITests.release.xcconfig"; sourceTree = "<group>"; };
		B397C3908AC4D9ABFF197396 /* Pods_PracticeYoga.framework */ = {isa = PBXFileReference; explicitFileType = wrapper.framework; includeInIndex = 0; path = Pods_PracticeYoga.framework; sourceTree = BUILT_PRODUCTS_DIR; };
		BBDC7CB9D1F358724FF3434B /* Pods-PracticeYoga-PracticeYogaUITests.debug.xcconfig */ = {isa = PBXFileReference; includeInIndex = 1; lastKnownFileType = text.xcconfig; name = "Pods-PracticeYoga-PracticeYogaUITests.debug.xcconfig"; path = "Target Support Files/Pods-PracticeYoga-PracticeYogaUITests/Pods-PracticeYoga-PracticeYogaUITests.debug.xcconfig"; sourceTree = "<group>"; };
		E3084CFB13D7009B8F367C18 /* Pods_PracticeYogaTests.framework */ = {isa = PBXFileReference; explicitFileType = wrapper.framework; includeInIndex = 0; path = Pods_PracticeYogaTests.framework; sourceTree = BUILT_PRODUCTS_DIR; };
		F6C8C56E2F667424ED9250DE /* Pods-PracticeYogaTests.debug.xcconfig */ = {isa = PBXFileReference; includeInIndex = 1; lastKnownFileType = text.xcconfig; name = "Pods-PracticeYogaTests.debug.xcconfig"; path = "Target Support Files/Pods-PracticeYogaTests/Pods-PracticeYogaTests.debug.xcconfig"; sourceTree = "<group>"; };
/* End PBXFileReference section */

/* Begin PBXFrameworksBuildPhase section */
		0FD7704F2561248900F4F53A /* Frameworks */ = {
			isa = PBXFrameworksBuildPhase;
			buildActionMask = 2147483647;
			files = (
				86F5342F9551C51840F4603C /* Pods_PracticeYoga.framework in Frameworks */,
			);
			runOnlyForDeploymentPostprocessing = 0;
		};
		0FD770652561248B00F4F53A /* Frameworks */ = {
			isa = PBXFrameworksBuildPhase;
			buildActionMask = 2147483647;
			files = (
				78479EA863B81B3FC2B3652A /* Pods_PracticeYogaTests.framework in Frameworks */,
			);
			runOnlyForDeploymentPostprocessing = 0;
		};
		0FD770702561248B00F4F53A /* Frameworks */ = {
			isa = PBXFrameworksBuildPhase;
			buildActionMask = 2147483647;
			files = (
				0CBD55F07811F6634B1EDDC4 /* Pods_PracticeYoga_PracticeYogaUITests.framework in Frameworks */,
			);
			runOnlyForDeploymentPostprocessing = 0;
		};
/* End PBXFrameworksBuildPhase section */

/* Begin PBXGroup section */
		0FD770492561248900F4F53A = {
			isa = PBXGroup;
			children = (
				0FD770542561248900F4F53A /* PracticeYoga */,
				0FD7706B2561248B00F4F53A /* PracticeYogaTests */,
				0FD770762561248B00F4F53A /* PracticeYogaUITests */,
				0FD770532561248900F4F53A /* Products */,
				FE95D075660958A16B4F8549 /* Pods */,
				A16669C1FE153352F47819D1 /* Frameworks */,
			);
			sourceTree = "<group>";
		};
		0FD770532561248900F4F53A /* Products */ = {
			isa = PBXGroup;
			children = (
				0FD770522561248900F4F53A /* PracticeYoga.app */,
				0FD770682561248B00F4F53A /* PracticeYogaTests.xctest */,
				0FD770732561248B00F4F53A /* PracticeYogaUITests.xctest */,
			);
			name = Products;
			sourceTree = "<group>";
		};
		0FD770542561248900F4F53A /* PracticeYoga */ = {
			isa = PBXGroup;
			children = (
				0FD770552561248900F4F53A /* AppDelegate.swift */,
				0FD770572561248900F4F53A /* SceneDelegate.swift */,
				0FD770592561248900F4F53A /* ViewController.swift */,
				0FD7705B2561248900F4F53A /* Main.storyboard */,
				0FD7705E2561248A00F4F53A /* Assets.xcassets */,
				0FD770602561248A00F4F53A /* LaunchScreen.storyboard */,
				0FD770632561248A00F4F53A /* Info.plist */,
			);
			path = PracticeYoga;
			sourceTree = "<group>";
		};
		0FD7706B2561248B00F4F53A /* PracticeYogaTests */ = {
			isa = PBXGroup;
			children = (
				0FD7706C2561248B00F4F53A /* PracticeYogaTests.swift */,
				0FD7706E2561248B00F4F53A /* Info.plist */,
			);
			path = PracticeYogaTests;
			sourceTree = "<group>";
		};
		0FD770762561248B00F4F53A /* PracticeYogaUITests */ = {
			isa = PBXGroup;
			children = (
				0FD770772561248B00F4F53A /* PracticeYogaUITests.swift */,
				0FD770792561248B00F4F53A /* Info.plist */,
			);
			path = PracticeYogaUITests;
			sourceTree = "<group>";
		};
		A16669C1FE153352F47819D1 /* Frameworks */ = {
			isa = PBXGroup;
			children = (
				B397C3908AC4D9ABFF197396 /* Pods_PracticeYoga.framework */,
				0FF8B0E3BC387B3959A40923 /* Pods_PracticeYoga_PracticeYogaUITests.framework */,
				E3084CFB13D7009B8F367C18 /* Pods_PracticeYogaTests.framework */,
			);
			name = Frameworks;
			sourceTree = "<group>";
		};
		FE95D075660958A16B4F8549 /* Pods */ = {
			isa = PBXGroup;
			children = (
				3D93F1573CD410D0AA0CF280 /* Pods-PracticeYoga.debug.xcconfig */,
				23A951D1674853C128A846C5 /* Pods-PracticeYoga.release.xcconfig */,
				BBDC7CB9D1F358724FF3434B /* Pods-PracticeYoga-PracticeYogaUITests.debug.xcconfig */,
				5ACC9179E1A1B2CBF5FDD5A2 /* Pods-PracticeYoga-PracticeYogaUITests.release.xcconfig */,
				F6C8C56E2F667424ED9250DE /* Pods-PracticeYogaTests.debug.xcconfig */,
				258164F0225CD314C1C7C1B6 /* Pods-PracticeYogaTests.release.xcconfig */,
			);
			name = Pods;
			path = Pods;
			sourceTree = "<group>";
		};
/* End PBXGroup section */

/* Begin PBXNativeTarget section */
		0FD770512561248900F4F53A /* PracticeYoga */ = {
			isa = PBXNativeTarget;
			buildConfigurationList = 0FD7707C2561248B00F4F53A /* Build configuration list for PBXNativeTarget "PracticeYoga" */;
			buildPhases = (
				F5FFFB982345477A9F3A4BB5 /* [CP] Check Pods Manifest.lock */,
				0FD7704E2561248900F4F53A /* Sources */,
				0FD7704F2561248900F4F53A /* Frameworks */,
				0FD770502561248900F4F53A /* Resources */,
				117502822CF77192A2E6DAFC /* [CP] Embed Pods Frameworks */,
			);
			buildRules = (
			);
			dependencies = (
			);
			name = PracticeYoga;
			productName = PracticeYoga;
			productReference = 0FD770522561248900F4F53A /* PracticeYoga.app */;
			productType = "com.apple.product-type.application";
		};
		0FD770672561248B00F4F53A /* PracticeYogaTests */ = {
			isa = PBXNativeTarget;
			buildConfigurationList = 0FD7707F2561248B00F4F53A /* Build configuration list for PBXNativeTarget "PracticeYogaTests" */;
			buildPhases = (
				1B737DD5854B9A53FBB0D10D /* [CP] Check Pods Manifest.lock */,
				0FD770642561248B00F4F53A /* Sources */,
				0FD770652561248B00F4F53A /* Frameworks */,
				0FD770662561248B00F4F53A /* Resources */,
			);
			buildRules = (
			);
			dependencies = (
				0FD7706A2561248B00F4F53A /* PBXTargetDependency */,
			);
			name = PracticeYogaTests;
			productName = PracticeYogaTests;
			productReference = 0FD770682561248B00F4F53A /* PracticeYogaTests.xctest */;
			productType = "com.apple.product-type.bundle.unit-test";
		};
		0FD770722561248B00F4F53A /* PracticeYogaUITests */ = {
			isa = PBXNativeTarget;
			buildConfigurationList = 0FD770822561248B00F4F53A /* Build configuration list for PBXNativeTarget "PracticeYogaUITests" */;
			buildPhases = (
				0D93730ADB9275A6A3453450 /* [CP] Check Pods Manifest.lock */,
				0FD7706F2561248B00F4F53A /* Sources */,
				0FD770702561248B00F4F53A /* Frameworks */,
				0FD770712561248B00F4F53A /* Resources */,
				2CDCD886E250A9D27464EF09 /* [CP] Embed Pods Frameworks */,
			);
			buildRules = (
			);
			dependencies = (
				0FD770752561248B00F4F53A /* PBXTargetDependency */,
			);
			name = PracticeYogaUITests;
			productName = PracticeYogaUITests;
			productReference = 0FD770732561248B00F4F53A /* PracticeYogaUITests.xctest */;
			productType = "com.apple.product-type.bundle.ui-testing";
		};
/* End PBXNativeTarget section */

/* Begin PBXProject section */
		0FD7704A2561248900F4F53A /* Project object */ = {
			isa = PBXProject;
			attributes = {
				LastSwiftUpdateCheck = 1200;
				LastUpgradeCheck = 1200;
				TargetAttributes = {
					0FD770512561248900F4F53A = {
						CreatedOnToolsVersion = 12.0.1;
					};
					0FD770672561248B00F4F53A = {
						CreatedOnToolsVersion = 12.0.1;
						TestTargetID = 0FD770512561248900F4F53A;
					};
					0FD770722561248B00F4F53A = {
						CreatedOnToolsVersion = 12.0.1;
						TestTargetID = 0FD770512561248900F4F53A;
					};
				};
			};
			buildConfigurationList = 0FD7704D2561248900F4F53A /* Build configuration list for PBXProject "PracticeYoga" */;
			compatibilityVersion = "Xcode 9.3";
			developmentRegion = en;
			hasScannedForEncodings = 0;
			knownRegions = (
				en,
				Base,
			);
			mainGroup = 0FD770492561248900F4F53A;
			productRefGroup = 0FD770532561248900F4F53A /* Products */;
			projectDirPath = "";
			projectRoot = "";
			targets = (
				0FD770512561248900F4F53A /* PracticeYoga */,
				0FD770672561248B00F4F53A /* PracticeYogaTests */,
				0FD770722561248B00F4F53A /* PracticeYogaUITests */,
			);
		};
/* End PBXProject section */

/* Begin PBXResourcesBuildPhase section */
		0FD770502561248900F4F53A /* Resources */ = {
			isa = PBXResourcesBuildPhase;
			buildActionMask = 2147483647;
			files = (
				0FD770622561248A00F4F53A /* LaunchScreen.storyboard in Resources */,
				0FD7705F2561248A00F4F53A /* Assets.xcassets in Resources */,
				0FD7705D2561248900F4F53A /* Main.storyboard in Resources */,
			);
			runOnlyForDeploymentPostprocessing = 0;
		};
		0FD770662561248B00F4F53A /* Resources */ = {
			isa = PBXResourcesBuildPhase;
			buildActionMask = 2147483647;
			files = (
			);
			runOnlyForDeploymentPostprocessing = 0;
		};
		0FD770712561248B00F4F53A /* Resources */ = {
			isa = PBXResourcesBuildPhase;
			buildActionMask = 2147483647;
			files = (
			);
			runOnlyForDeploymentPostprocessing = 0;
		};
/* End PBXResourcesBuildPhase section */

/* Begin PBXShellScriptBuildPhase section */
		0D93730ADB9275A6A3453450 /* [CP] Check Pods Manifest.lock */ = {
			isa = PBXShellScriptBuildPhase;
			buildActionMask = 2147483647;
			files = (
			);
			inputFileListPaths = (
			);
			inputPaths = (
				"${PODS_PODFILE_DIR_PATH}/Podfile.lock",
				"${PODS_ROOT}/Manifest.lock",
			);
			name = "[CP] Check Pods Manifest.lock";
			outputFileListPaths = (
			);
			outputPaths = (
				"$(DERIVED_FILE_DIR)/Pods-PracticeYoga-PracticeYogaUITests-checkManifestLockResult.txt",
			);
			runOnlyForDeploymentPostprocessing = 0;
			shellPath = /bin/sh;
			shellScript = "diff \"${PODS_PODFILE_DIR_PATH}/Podfile.lock\" \"${PODS_ROOT}/Manifest.lock\" > /dev/null\nif [ $? != 0 ] ; then\n    # print error to STDERR\n    echo \"error: The sandbox is not in sync with the Podfile.lock. Run 'pod install' or update your CocoaPods installation.\" >&2\n    exit 1\nfi\n# This output is used by Xcode 'outputs' to avoid re-running this script phase.\necho \"SUCCESS\" > \"${SCRIPT_OUTPUT_FILE_0}\"\n";
			showEnvVarsInLog = 0;
		};
		117502822CF77192A2E6DAFC /* [CP] Embed Pods Frameworks */ = {
			isa = PBXShellScriptBuildPhase;
			buildActionMask = 2147483647;
			files = (
			);
			inputFileListPaths = (
				"${PODS_ROOT}/Target Support Files/Pods-PracticeYoga/Pods-PracticeYoga-frameworks-${CONFIGURATION}-input-files.xcfilelist",
			);
			name = "[CP] Embed Pods Frameworks";
			outputFileListPaths = (
				"${PODS_ROOT}/Target Support Files/Pods-PracticeYoga/Pods-PracticeYoga-frameworks-${CONFIGURATION}-output-files.xcfilelist",
			);
			runOnlyForDeploymentPostprocessing = 0;
			shellPath = /bin/sh;
			shellScript = "\"${PODS_ROOT}/Target Support Files/Pods-PracticeYoga/Pods-PracticeYoga-frameworks.sh\"\n";
			showEnvVarsInLog = 0;
		};
		1B737DD5854B9A53FBB0D10D /* [CP] Check Pods Manifest.lock */ = {
			isa = PBXShellScriptBuildPhase;
			buildActionMask = 2147483647;
			files = (
			);
			inputFileListPaths = (
			);
			inputPaths = (
				"${PODS_PODFILE_DIR_PATH}/Podfile.lock",
				"${PODS_ROOT}/Manifest.lock",
			);
			name = "[CP] Check Pods Manifest.lock";
			outputFileListPaths = (
			);
			outputPaths = (
				"$(DERIVED_FILE_DIR)/Pods-PracticeYogaTests-checkManifestLockResult.txt",
			);
			runOnlyForDeploymentPostprocessing = 0;
			shellPath = /bin/sh;
			shellScript = "diff \"${PODS_PODFILE_DIR_PATH}/Podfile.lock\" \"${PODS_ROOT}/Manifest.lock\" > /dev/null\nif [ $? != 0 ] ; then\n    # print error to STDERR\n    echo \"error: The sandbox is not in sync with the Podfile.lock. Run 'pod install' or update your CocoaPods installation.\" >&2\n    exit 1\nfi\n# This output is used by Xcode 'outputs' to avoid re-running this script phase.\necho \"SUCCESS\" > \"${SCRIPT_OUTPUT_FILE_0}\"\n";
			showEnvVarsInLog = 0;
		};
		2CDCD886E250A9D27464EF09 /* [CP] Embed Pods Frameworks */ = {
			isa = PBXShellScriptBuildPhase;
			buildActionMask = 2147483647;
			files = (
			);
			inputFileListPaths = (
				"${PODS_ROOT}/Target Support Files/Pods-PracticeYoga-PracticeYogaUITests/Pods-PracticeYoga-PracticeYogaUITests-frameworks-${CONFIGURATION}-input-files.xcfilelist",
			);
			name = "[CP] Embed Pods Frameworks";
			outputFileListPaths = (
				"${PODS_ROOT}/Target Support Files/Pods-PracticeYoga-PracticeYogaUITests/Pods-PracticeYoga-PracticeYogaUITests-frameworks-${CONFIGURATION}-output-files.xcfilelist",
			);
			runOnlyForDeploymentPostprocessing = 0;
			shellPath = /bin/sh;
			shellScript = "\"${PODS_ROOT}/Target Support Files/Pods-PracticeYoga-PracticeYogaUITests/Pods-PracticeYoga-PracticeYogaUITests-frameworks.sh\"\n";
			showEnvVarsInLog = 0;
		};
		F5FFFB982345477A9F3A4BB5 /* [CP] Check Pods Manifest.lock */ = {
			isa = PBXShellScriptBuildPhase;
			buildActionMask = 2147483647;
			files = (
			);
			inputFileListPaths = (
			);
			inputPaths = (
				"${PODS_PODFILE_DIR_PATH}/Podfile.lock",
				"${PODS_ROOT}/Manifest.lock",
			);
			name = "[CP] Check Pods Manifest.lock";
			outputFileListPaths = (
			);
			outputPaths = (
				"$(DERIVED_FILE_DIR)/Pods-PracticeYoga-checkManifestLockResult.txt",
			);
			runOnlyForDeploymentPostprocessing = 0;
			shellPath = /bin/sh;
			shellScript = "diff \"${PODS_PODFILE_DIR_PATH}/Podfile.lock\" \"${PODS_ROOT}/Manifest.lock\" > /dev/null\nif [ $? != 0 ] ; then\n    # print error to STDERR\n    echo \"error: The sandbox is not in sync with the Podfile.lock. Run 'pod install' or update your CocoaPods installation.\" >&2\n    exit 1\nfi\n# This output is used by Xcode 'outputs' to avoid re-running this script phase.\necho \"SUCCESS\" > \"${SCRIPT_OUTPUT_FILE_0}\"\n";
			showEnvVarsInLog = 0;
		};
/* End PBXShellScriptBuildPhase section */

/* Begin PBXSourcesBuildPhase section */
		0FD7704E2561248900F4F53A /* Sources */ = {
			isa = PBXSourcesBuildPhase;
			buildActionMask = 2147483647;
			files = (
				0FD7705A2561248900F4F53A /* ViewController.swift in Sources */,
				0FD770562561248900F4F53A /* AppDelegate.swift in Sources */,
				0FD770582561248900F4F53A /* SceneDelegate.swift in Sources */,
			);
			runOnlyForDeploymentPostprocessing = 0;
		};
		0FD770642561248B00F4F53A /* Sources */ = {
			isa = PBXSourcesBuildPhase;
			buildActionMask = 2147483647;
			files = (
				0FD7706D2561248B00F4F53A /* PracticeYogaTests.swift in Sources */,
			);
			runOnlyForDeploymentPostprocessing = 0;
		};
		0FD7706F2561248B00F4F53A /* Sources */ = {
			isa = PBXSourcesBuildPhase;
			buildActionMask = 2147483647;
			files = (
				0FD770782561248B00F4F53A /* PracticeYogaUITests.swift in Sources */,
			);
			runOnlyForDeploymentPostprocessing = 0;
		};
/* End PBXSourcesBuildPhase section */

/* Begin PBXTargetDependency section */
		0FD7706A2561248B00F4F53A /* PBXTargetDependency */ = {
			isa = PBXTargetDependency;
			target = 0FD770512561248900F4F53A /* PracticeYoga */;
			targetProxy = 0FD770692561248B00F4F53A /* PBXContainerItemProxy */;
		};
		0FD770752561248B00F4F53A /* PBXTargetDependency */ = {
			isa = PBXTargetDependency;
			target = 0FD770512561248900F4F53A /* PracticeYoga */;
			targetProxy = 0FD770742561248B00F4F53A /* PBXContainerItemProxy */;
		};
/* End PBXTargetDependency section */

/* Begin PBXVariantGroup section */
		0FD7705B2561248900F4F53A /* Main.storyboard */ = {
			isa = PBXVariantGroup;
			children = (
				0FD7705C2561248900F4F53A /* Base */,
			);
			name = Main.storyboard;
			sourceTree = "<group>";
		};
		0FD770602561248A00F4F53A /* LaunchScreen.storyboard */ = {
			isa = PBXVariantGroup;
			children = (
				0FD770612561248A00F4F53A /* Base */,
			);
			name = LaunchScreen.storyboard;
			sourceTree = "<group>";
		};
/* End PBXVariantGroup section */

/* Begin XCBuildConfiguration section */
		0FD7707A2561248B00F4F53A /* Debug */ = {
			isa = XCBuildConfiguration;
			buildSettings = {
				ALWAYS_SEARCH_USER_PATHS = NO;
				CLANG_ANALYZER_NONNULL = YES;
				CLANG_ANALYZER_NUMBER_OBJECT_CONVERSION = YES_AGGRESSIVE;
				CLANG_CXX_LANGUAGE_STANDARD = "gnu++14";
				CLANG_CXX_LIBRARY = "libc++";
				CLANG_ENABLE_MODULES = YES;
				CLANG_ENABLE_OBJC_ARC = YES;
				CLANG_ENABLE_OBJC_WEAK = YES;
				CLANG_WARN_BLOCK_CAPTURE_AUTORELEASING = YES;
				CLANG_WARN_BOOL_CONVERSION = YES;
				CLANG_WARN_COMMA = YES;
				CLANG_WARN_CONSTANT_CONVERSION = YES;
				CLANG_WARN_DEPRECATED_OBJC_IMPLEMENTATIONS = YES;
				CLANG_WARN_DIRECT_OBJC_ISA_USAGE = YES_ERROR;
				CLANG_WARN_DOCUMENTATION_COMMENTS = YES;
				CLANG_WARN_EMPTY_BODY = YES;
				CLANG_WARN_ENUM_CONVERSION = YES;
				CLANG_WARN_INFINITE_RECURSION = YES;
				CLANG_WARN_INT_CONVERSION = YES;
				CLANG_WARN_NON_LITERAL_NULL_CONVERSION = YES;
				CLANG_WARN_OBJC_IMPLICIT_RETAIN_SELF = YES;
				CLANG_WARN_OBJC_LITERAL_CONVERSION = YES;
				CLANG_WARN_OBJC_ROOT_CLASS = YES_ERROR;
				CLANG_WARN_QUOTED_INCLUDE_IN_FRAMEWORK_HEADER = YES;
				CLANG_WARN_RANGE_LOOP_ANALYSIS = YES;
				CLANG_WARN_STRICT_PROTOTYPES = YES;
				CLANG_WARN_SUSPICIOUS_MOVE = YES;
				CLANG_WARN_UNGUARDED_AVAILABILITY = YES_AGGRESSIVE;
				CLANG_WARN_UNREACHABLE_CODE = YES;
				CLANG_WARN__DUPLICATE_METHOD_MATCH = YES;
				COPY_PHASE_STRIP = NO;
				DEBUG_INFORMATION_FORMAT = dwarf;
				ENABLE_STRICT_OBJC_MSGSEND = YES;
				ENABLE_TESTABILITY = YES;
				GCC_C_LANGUAGE_STANDARD = gnu11;
				GCC_DYNAMIC_NO_PIC = NO;
				GCC_NO_COMMON_BLOCKS = YES;
				GCC_OPTIMIZATION_LEVEL = 0;
				GCC_PREPROCESSOR_DEFINITIONS = (
					"DEBUG=1",
					"$(inherited)",
				);
				GCC_WARN_64_TO_32_BIT_CONVERSION = YES;
				GCC_WARN_ABOUT_RETURN_TYPE = YES_ERROR;
				GCC_WARN_UNDECLARED_SELECTOR = YES;
				GCC_WARN_UNINITIALIZED_AUTOS = YES_AGGRESSIVE;
				GCC_WARN_UNUSED_FUNCTION = YES;
				GCC_WARN_UNUSED_VARIABLE = YES;
				IPHONEOS_DEPLOYMENT_TARGET = 14.0;
				MTL_ENABLE_DEBUG_INFO = INCLUDE_SOURCE;
				MTL_FAST_MATH = YES;
				ONLY_ACTIVE_ARCH = YES;
				SDKROOT = iphoneos;
				SWIFT_ACTIVE_COMPILATION_CONDITIONS = DEBUG;
				SWIFT_OPTIMIZATION_LEVEL = "-Onone";
			};
			name = Debug;
		};
		0FD7707B2561248B00F4F53A /* Release */ = {
			isa = XCBuildConfiguration;
			buildSettings = {
				ALWAYS_SEARCH_USER_PATHS = NO;
				CLANG_ANALYZER_NONNULL = YES;
				CLANG_ANALYZER_NUMBER_OBJECT_CONVERSION = YES_AGGRESSIVE;
				CLANG_CXX_LANGUAGE_STANDARD = "gnu++14";
				CLANG_CXX_LIBRARY = "libc++";
				CLANG_ENABLE_MODULES = YES;
				CLANG_ENABLE_OBJC_ARC = YES;
				CLANG_ENABLE_OBJC_WEAK = YES;
				CLANG_WARN_BLOCK_CAPTURE_AUTORELEASING = YES;
				CLANG_WARN_BOOL_CONVERSION = YES;
				CLANG_WARN_COMMA = YES;
				CLANG_WARN_CONSTANT_CONVERSION = YES;
				CLANG_WARN_DEPRECATED_OBJC_IMPLEMENTATIONS = YES;
				CLANG_WARN_DIRECT_OBJC_ISA_USAGE = YES_ERROR;
				CLANG_WARN_DOCUMENTATION_COMMENTS = YES;
				CLANG_WARN_EMPTY_BODY = YES;
				CLANG_WARN_ENUM_CONVERSION = YES;
				CLANG_WARN_INFINITE_RECURSION = YES;
				CLANG_WARN_INT_CONVERSION = YES;
				CLANG_WARN_NON_LITERAL_NULL_CONVERSION = YES;
				CLANG_WARN_OBJC_IMPLICIT_RETAIN_SELF = YES;
				CLANG_WARN_OBJC_LITERAL_CONVERSION = YES;
				CLANG_WARN_OBJC_ROOT_CLASS = YES_ERROR;
				CLANG_WARN_QUOTED_INCLUDE_IN_FRAMEWORK_HEADER = YES;
				CLANG_WARN_RANGE_LOOP_ANALYSIS = YES;
				CLANG_WARN_STRICT_PROTOTYPES = YES;
				CLANG_WARN_SUSPICIOUS_MOVE = YES;
				CLANG_WARN_UNGUARDED_AVAILABILITY = YES_AGGRESSIVE;
				CLANG_WARN_UNREACHABLE_CODE = YES;
				CLANG_WARN__DUPLICATE_METHOD_MATCH = YES;
				COPY_PHASE_STRIP = NO;
				DEBUG_INFORMATION_FORMAT = "dwarf-with-dsym";
				ENABLE_NS_ASSERTIONS = NO;
				ENABLE_STRICT_OBJC_MSGSEND = YES;
				GCC_C_LANGUAGE_STANDARD = gnu11;
				GCC_NO_COMMON_BLOCKS = YES;
				GCC_WARN_64_TO_32_BIT_CONVERSION = YES;
				GCC_WARN_ABOUT_RETURN_TYPE = YES_ERROR;
				GCC_WARN_UNDECLARED_SELECTOR = YES;
				GCC_WARN_UNINITIALIZED_AUTOS = YES_AGGRESSIVE;
				GCC_WARN_UNUSED_FUNCTION = YES;
				GCC_WARN_UNUSED_VARIABLE = YES;
				IPHONEOS_DEPLOYMENT_TARGET = 14.0;
				MTL_ENABLE_DEBUG_INFO = NO;
				MTL_FAST_MATH = YES;
				SDKROOT = iphoneos;
				SWIFT_COMPILATION_MODE = wholemodule;
				SWIFT_OPTIMIZATION_LEVEL = "-O";
				VALIDATE_PRODUCT = YES;
			};
			name = Release;
		};
		0FD7707D2561248B00F4F53A /* Debug */ = {
			isa = XCBuildConfiguration;
			baseConfigurationReference = 3D93F1573CD410D0AA0CF280 /* Pods-PracticeYoga.debug.xcconfig */;
			buildSettings = {
				ASSETCATALOG_COMPILER_APPICON_NAME = AppIcon;
				ASSETCATALOG_COMPILER_GLOBAL_ACCENT_COLOR_NAME = AccentColor;
				CODE_SIGN_STYLE = Automatic;
				DEVELOPMENT_TEAM = HJPV4X8ST6;
				INFOPLIST_FILE = PracticeYoga/Info.plist;
				LD_RUNPATH_SEARCH_PATHS = (
					"$(inherited)",
					"@executable_path/Frameworks",
				);
				PRODUCT_BUNDLE_IDENTIFIER = "swift-beginners.PracticeYoga";
				PRODUCT_NAME = "$(TARGET_NAME)";
				SWIFT_VERSION = 5.0;
				TARGETED_DEVICE_FAMILY = "1,2";
			};
			name = Debug;
		};
		0FD7707E2561248B00F4F53A /* Release */ = {
			isa = XCBuildConfiguration;
			baseConfigurationReference = 23A951D1674853C128A846C5 /* Pods-PracticeYoga.release.xcconfig */;
			buildSettings = {
				ASSETCATALOG_COMPILER_APPICON_NAME = AppIcon;
				ASSETCATALOG_COMPILER_GLOBAL_ACCENT_COLOR_NAME = AccentColor;
				CODE_SIGN_STYLE = Automatic;
				DEVELOPMENT_TEAM = HJPV4X8ST6;
				INFOPLIST_FILE = PracticeYoga/Info.plist;
				LD_RUNPATH_SEARCH_PATHS = (
					"$(inherited)",
					"@executable_path/Frameworks",
				);
				PRODUCT_BUNDLE_IDENTIFIER = "swift-beginners.PracticeYoga";
				PRODUCT_NAME = "$(TARGET_NAME)";
				SWIFT_VERSION = 5.0;
				TARGETED_DEVICE_FAMILY = "1,2";
			};
			name = Release;
		};
		0FD770802561248B00F4F53A /* Debug */ = {
			isa = XCBuildConfiguration;
			baseConfigurationReference = F6C8C56E2F667424ED9250DE /* Pods-PracticeYogaTests.debug.xcconfig */;
			buildSettings = {
				ALWAYS_EMBED_SWIFT_STANDARD_LIBRARIES = YES;
				BUNDLE_LOADER = "$(TEST_HOST)";
				CODE_SIGN_STYLE = Automatic;
				DEVELOPMENT_TEAM = HJPV4X8ST6;
				INFOPLIST_FILE = PracticeYogaTests/Info.plist;
				IPHONEOS_DEPLOYMENT_TARGET = 14.0;
				LD_RUNPATH_SEARCH_PATHS = (
					"$(inherited)",
					"@executable_path/Frameworks",
					"@loader_path/Frameworks",
				);
				PRODUCT_BUNDLE_IDENTIFIER = "swift-beginners.PracticeYogaTests";
				PRODUCT_NAME = "$(TARGET_NAME)";
				SWIFT_VERSION = 5.0;
				TARGETED_DEVICE_FAMILY = "1,2";
				TEST_HOST = "$(BUILT_PRODUCTS_DIR)/PracticeYoga.app/PracticeYoga";
			};
			name = Debug;
		};
		0FD770812561248B00F4F53A /* Release */ = {
			isa = XCBuildConfiguration;
			baseConfigurationReference = 258164F0225CD314C1C7C1B6 /* Pods-PracticeYogaTests.release.xcconfig */;
			buildSettings = {
				ALWAYS_EMBED_SWIFT_STANDARD_LIBRARIES = YES;
				BUNDLE_LOADER = "$(TEST_HOST)";
				CODE_SIGN_STYLE = Automatic;
				DEVELOPMENT_TEAM = HJPV4X8ST6;
				INFOPLIST_FILE = PracticeYogaTests/Info.plist;
				IPHONEOS_DEPLOYMENT_TARGET = 14.0;
				LD_RUNPATH_SEARCH_PATHS = (
					"$(inherited)",
					"@executable_path/Frameworks",
					"@loader_path/Frameworks",
				);
				PRODUCT_BUNDLE_IDENTIFIER = "swift-beginners.PracticeYogaTests";
				PRODUCT_NAME = "$(TARGET_NAME)";
				SWIFT_VERSION = 5.0;
				TARGETED_DEVICE_FAMILY = "1,2";
				TEST_HOST = "$(BUILT_PRODUCTS_DIR)/PracticeYoga.app/PracticeYoga";
			};
			name = Release;
		};
		0FD770832561248B00F4F53A /* Debug */ = {
			isa = XCBuildConfiguration;
			baseConfigurationReference = BBDC7CB9D1F358724FF3434B /* Pods-PracticeYoga-PracticeYogaUITests.debug.xcconfig */;
			buildSettings = {
				ALWAYS_EMBED_SWIFT_STANDARD_LIBRARIES = YES;
				CODE_SIGN_STYLE = Automatic;
				DEVELOPMENT_TEAM = HJPV4X8ST6;
				INFOPLIST_FILE = PracticeYogaUITests/Info.plist;
				LD_RUNPATH_SEARCH_PATHS = (
					"$(inherited)",
					"@executable_path/Frameworks",
					"@loader_path/Frameworks",
				);
				PRODUCT_BUNDLE_IDENTIFIER = "swift-beginners.PracticeYogaUITests";
				PRODUCT_NAME = "$(TARGET_NAME)";
				SWIFT_VERSION = 5.0;
				TARGETED_DEVICE_FAMILY = "1,2";
				TEST_TARGET_NAME = PracticeYoga;
			};
			name = Debug;
		};
		0FD770842561248B00F4F53A /* Release */ = {
			isa = XCBuildConfiguration;
			baseConfigurationReference = 5ACC9179E1A1B2CBF5FDD5A2 /* Pods-PracticeYoga-PracticeYogaUITests.release.xcconfig */;
			buildSettings = {
				ALWAYS_EMBED_SWIFT_STANDARD_LIBRARIES = YES;
				CODE_SIGN_STYLE = Automatic;
				DEVELOPMENT_TEAM = HJPV4X8ST6;
				INFOPLIST_FILE = PracticeYogaUITests/Info.plist;
				LD_RUNPATH_SEARCH_PATHS = (
					"$(inherited)",
					"@executable_path/Frameworks",
					"@loader_path/Frameworks",
				);
				PRODUCT_BUNDLE_IDENTIFIER = "swift-beginners.PracticeYogaUITests";
				PRODUCT_NAME = "$(TARGET_NAME)";
				SWIFT_VERSION = 5.0;
				TARGETED_DEVICE_FAMILY = "1,2";
				TEST_TARGET_NAME = PracticeYoga;
			};
			name = Release;
		};
/* End XCBuildConfiguration section */

/* Begin XCConfigurationList section */
		0FD7704D2561248900F4F53A /* Build configuration list for PBXProject "PracticeYoga" */ = {
			isa = XCConfigurationList;
			buildConfigurations = (
				0FD7707A2561248B00F4F53A /* Debug */,
				0FD7707B2561248B00F4F53A /* Release */,
			);
			defaultConfigurationIsVisible = 0;
			defaultConfigurationName = Release;
		};
		0FD7707C2561248B00F4F53A /* Build configuration list for PBXNativeTarget "PracticeYoga" */ = {
			isa = XCConfigurationList;
			buildConfigurations = (
				0FD7707D2561248B00F4F53A /* Debug */,
				0FD7707E2561248B00F4F53A /* Release */,
			);
			defaultConfigurationIsVisible = 0;
			defaultConfigurationName = Release;
		};
		0FD7707F2561248B00F4F53A /* Build configuration list for PBXNativeTarget "PracticeYogaTests" */ = {
			isa = XCConfigurationList;
			buildConfigurations = (
				0FD770802561248B00F4F53A /* Debug */,
				0FD770812561248B00F4F53A /* Release */,
			);
			defaultConfigurationIsVisible = 0;
			defaultConfigurationName = Release;
		};
		0FD770822561248B00F4F53A /* Build configuration list for PBXNativeTarget "PracticeYogaUITests" */ = {
			isa = XCConfigurationList;
			buildConfigurations = (
				0FD770832561248B00F4F53A /* Debug */,
				0FD770842561248B00F4F53A /* Release */,
			);
			defaultConfigurationIsVisible = 0;
			defaultConfigurationName = Release;
		};
/* End XCConfigurationList section */
	};
	rootObject = 0FD7704A2561248900F4F53A /* Project object */;
}
